
Microsoft Visual Studio Solution File, Format Version 12.00
# Visual Studio Version 16
VisualStudioVersion = 16.0.29215.179
MinimumVisualStudioVersion = 10.0.40219.1
Project("{9A19103F-16F7-4668-BE54-9A1E7A4F7556}") = "Ordbog.Service", "Ordbog.Service\Ordbog.Service.csproj", "{098C4522-74EA-47D5-BD52-FA17B02EE163}"
EndProject
Project("{9A19103F-16F7-4668-BE54-9A1E7A4F7556}") = "Ordbog.App", "WebApp\Ordbog.App.csproj", "{29B79D1E-2887-4CA1-AB39-EC1C4B903DC3}"
EndProject
Global
	GlobalSection(SolutionConfigurationPlatforms) = preSolution
		Debug|Any CPU = Debug|Any CPU
		Release|Any CPU = Release|Any CPU
	EndGlobalSection
	GlobalSection(ProjectConfigurationPlatforms) = postSolution
		{098C4522-74EA-47D5-BD52-FA17B02EE163}.Debug|Any CPU.ActiveCfg = Debug|Any CPU
		{098C4522-74EA-47D5-BD52-FA17B02EE163}.Debug|Any CPU.Build.0 = Debug|Any CPU
		{098C4522-74EA-47D5-BD52-FA17B02EE163}.Release|Any CPU.ActiveCfg = Release|Any CPU
		{098C4522-74EA-47D5-BD52-FA17B02EE163}.Release|Any CPU.Build.0 = Release|Any CPU
		{29B79D1E-2887-4CA1-AB39-EC1C4B903DC3}.Debug|Any CPU.ActiveCfg = Debug|Any CPU
		{29B79D1E-2887-4CA1-AB39-EC1C4B903DC3}.Debug|Any CPU.Build.0 = Debug|Any CPU
		{29B79D1E-2887-4CA1-AB39-EC1C4B903DC3}.Release|Any CPU.ActiveCfg = Release|Any CPU
		{29B79D1E-2887-4CA1-AB39-EC1C4B903DC3}.Release|Any CPU.Build.0 = Release|Any CPU
	EndGlobalSection
	GlobalSection(SolutionProperties) = preSolution
		HideSolutionNode = FALSE
	EndGlobalSection
	GlobalSection(ExtensibilityGlobals) = postSolution
		SolutionGuid = {3613FCA0-F0E6-45AD-A41E-9B1FB75FE0A1}
	EndGlobalSection
EndGlobal
